
Microsoft Visual Studio Solution File, Format Version 12.00
# Visual Studio Version 17
VisualStudioVersion = 17.3.32901.215
MinimumVisualStudioVersion = 10.0.40219.1
Project("{FAE04EC0-301F-11D3-BF4B-00C04F79EFBC}") = "Orders.API", "Orders.API\Orders.API.csproj", "{53CE142E-61DE-4E64-B23C-E4B753D8366C}"
EndProject
Project("{FAE04EC0-301F-11D3-BF4B-00C04F79EFBC}") = "Order.Data", "Order.Data\Order.Data.csproj", "{CFD7AFC8-BA25-4F2A-A8DB-77178E064336}"
EndProject
Project("{FAE04EC0-301F-11D3-BF4B-00C04F79EFBC}") = "Orders.Core", "Orders.Core\Orders.Core.csproj", "{7791FBA5-9BEC-4F19-9265-549B448C25B2}"
EndProject
Project("{FAE04EC0-301F-11D3-BF4B-00C04F79EFBC}") = "Orders.Infrastructure", "Orders.Infrastructure\Orders.Infrastructure.csproj", "{787F2732-9F02-41B2-B86D-24217EBC3F3B}"
EndProject
Global
	GlobalSection(SolutionConfigurationPlatforms) = preSolution
		Debug|Any CPU = Debug|Any CPU
		Release|Any CPU = Release|Any CPU
	EndGlobalSection
	GlobalSection(ProjectConfigurationPlatforms) = postSolution
		{53CE142E-61DE-4E64-B23C-E4B753D8366C}.Debug|Any CPU.ActiveCfg = Debug|Any CPU
		{53CE142E-61DE-4E64-B23C-E4B753D8366C}.Debug|Any CPU.Build.0 = Debug|Any CPU
		{53CE142E-61DE-4E64-B23C-E4B753D8366C}.Release|Any CPU.ActiveCfg = Release|Any CPU
		{53CE142E-61DE-4E64-B23C-E4B753D8366C}.Release|Any CPU.Build.0 = Release|Any CPU
		{CFD7AFC8-BA25-4F2A-A8DB-77178E064336}.Debug|Any CPU.ActiveCfg = Debug|Any CPU
		{CFD7AFC8-BA25-4F2A-A8DB-77178E064336}.Debug|Any CPU.Build.0 = Debug|Any CPU
		{CFD7AFC8-BA25-4F2A-A8DB-77178E064336}.Release|Any CPU.ActiveCfg = Release|Any CPU
		{CFD7AFC8-BA25-4F2A-A8DB-77178E064336}.Release|Any CPU.Build.0 = Release|Any CPU
		{7791FBA5-9BEC-4F19-9265-549B448C25B2}.Debug|Any CPU.ActiveCfg = Debug|Any CPU
		{7791FBA5-9BEC-4F19-9265-549B448C25B2}.Debug|Any CPU.Build.0 = Debug|Any CPU
		{7791FBA5-9BEC-4F19-9265-549B448C25B2}.Release|Any CPU.ActiveCfg = Release|Any CPU
		{7791FBA5-9BEC-4F19-9265-549B448C25B2}.Release|Any CPU.Build.0 = Release|Any CPU
		{787F2732-9F02-41B2-B86D-24217EBC3F3B}.Debug|Any CPU.ActiveCfg = Debug|Any CPU
		{787F2732-9F02-41B2-B86D-24217EBC3F3B}.Debug|Any CPU.Build.0 = Debug|Any CPU
		{787F2732-9F02-41B2-B86D-24217EBC3F3B}.Release|Any CPU.ActiveCfg = Release|Any CPU
		{787F2732-9F02-41B2-B86D-24217EBC3F3B}.Release|Any CPU.Build.0 = Release|Any CPU
	EndGlobalSection
	GlobalSection(SolutionProperties) = preSolution
		HideSolutionNode = FALSE
	EndGlobalSection
	GlobalSection(ExtensibilityGlobals) = postSolution
		SolutionGuid = {677CC4F6-B3FA-45D9-8FE0-F423929CC77C}
	EndGlobalSection
EndGlobal
